
Microsoft Visual Studio Solution File, Format Version 12.00
# Visual Studio Version 16
VisualStudioVersion = 16.0.30517.126
MinimumVisualStudioVersion = 10.0.40219.1
Project("{FAE04EC0-301F-11D3-BF4B-00C04F79EFBC}") = "Calculos", "ConsoleApp5\Calculos.csproj", "{5781DE8F-A6AB-4CE9-918D-482F58D134A7}"
EndProject
Global
	GlobalSection(SolutionConfigurationPlatforms) = preSolution
		Debug|Any CPU = Debug|Any CPU
		Release|Any CPU = Release|Any CPU
	EndGlobalSection
	GlobalSection(ProjectConfigurationPlatforms) = postSolution
		{5781DE8F-A6AB-4CE9-918D-482F58D134A7}.Debug|Any CPU.ActiveCfg = Debug|Any CPU
		{5781DE8F-A6AB-4CE9-918D-482F58D134A7}.Debug|Any CPU.Build.0 = Debug|Any CPU
		{5781DE8F-A6AB-4CE9-918D-482F58D134A7}.Release|Any CPU.ActiveCfg = Release|Any CPU
		{5781DE8F-A6AB-4CE9-918D-482F58D134A7}.Release|Any CPU.Build.0 = Release|Any CPU
	EndGlobalSection
	GlobalSection(SolutionProperties) = preSolution
		HideSolutionNode = FALSE
	EndGlobalSection
	GlobalSection(ExtensibilityGlobals) = postSolution
		SolutionGuid = {A76C4219-4F7B-482A-A6B7-6F01C407E01A}
	EndGlobalSection
EndGlobal
