
Microsoft Visual Studio Solution File, Format Version 12.00
# Visual Studio Version 16
VisualStudioVersion = 16.0.30611.23
MinimumVisualStudioVersion = 10.0.40219.1
Project("{FAE04EC0-301F-11D3-BF4B-00C04F79EFBC}") = "Calculadora_Dinamica", "Calculadora_Dinamica\Calculadora_Dinamica.csproj", "{630BD0D7-C107-4756-B214-BE4BB9572696}"
EndProject
Global
	GlobalSection(SolutionConfigurationPlatforms) = preSolution
		Debug|Any CPU = Debug|Any CPU
		Release|Any CPU = Release|Any CPU
	EndGlobalSection
	GlobalSection(ProjectConfigurationPlatforms) = postSolution
		{630BD0D7-C107-4756-B214-BE4BB9572696}.Debug|Any CPU.ActiveCfg = Debug|Any CPU
		{630BD0D7-C107-4756-B214-BE4BB9572696}.Debug|Any CPU.Build.0 = Debug|Any CPU
		{630BD0D7-C107-4756-B214-BE4BB9572696}.Release|Any CPU.ActiveCfg = Release|Any CPU
		{630BD0D7-C107-4756-B214-BE4BB9572696}.Release|Any CPU.Build.0 = Release|Any CPU
	EndGlobalSection
	GlobalSection(SolutionProperties) = preSolution
		HideSolutionNode = FALSE
	EndGlobalSection
	GlobalSection(ExtensibilityGlobals) = postSolution
		SolutionGuid = {11D48E30-A534-47DE-B1D7-B83B532898F1}
	EndGlobalSection
EndGlobal
