
Microsoft Visual Studio Solution File, Format Version 12.00
# Visual Studio Version 16
VisualStudioVersion = 16.0.30517.126
MinimumVisualStudioVersion = 10.0.40219.1
Project("{FAE04EC0-301F-11D3-BF4B-00C04F79EFBC}") = "ConsoleApp1", "ConsoleApp1\ConsoleApp1.csproj", "{63216A43-EA6A-4FCC-9931-07C1D490279E}"
EndProject
Global
	GlobalSection(SolutionConfigurationPlatforms) = preSolution
		Debug|Any CPU = Debug|Any CPU
		Release|Any CPU = Release|Any CPU
	EndGlobalSection
	GlobalSection(ProjectConfigurationPlatforms) = postSolution
		{63216A43-EA6A-4FCC-9931-07C1D490279E}.Debug|Any CPU.ActiveCfg = Debug|Any CPU
		{63216A43-EA6A-4FCC-9931-07C1D490279E}.Debug|Any CPU.Build.0 = Debug|Any CPU
		{63216A43-EA6A-4FCC-9931-07C1D490279E}.Release|Any CPU.ActiveCfg = Release|Any CPU
		{63216A43-EA6A-4FCC-9931-07C1D490279E}.Release|Any CPU.Build.0 = Release|Any CPU
	EndGlobalSection
	GlobalSection(SolutionProperties) = preSolution
		HideSolutionNode = FALSE
	EndGlobalSection
	GlobalSection(ExtensibilityGlobals) = postSolution
		SolutionGuid = {824C3E02-7E57-4008-BB36-D38DEA74B253}
	EndGlobalSection
EndGlobal
