
Microsoft Visual Studio Solution File, Format Version 12.00
# Visual Studio Version 16
VisualStudioVersion = 16.0.30517.126
MinimumVisualStudioVersion = 10.0.40219.1
Project("{FAE04EC0-301F-11D3-BF4B-00C04F79EFBC}") = "ConsoleApp2", "ConsoleApp2\ConsoleApp2.csproj", "{B6480A31-B118-4696-A92E-5CD1EE67C063}"
EndProject
Global
	GlobalSection(SolutionConfigurationPlatforms) = preSolution
		Debug|Any CPU = Debug|Any CPU
		Release|Any CPU = Release|Any CPU
	EndGlobalSection
	GlobalSection(ProjectConfigurationPlatforms) = postSolution
		{B6480A31-B118-4696-A92E-5CD1EE67C063}.Debug|Any CPU.ActiveCfg = Debug|Any CPU
		{B6480A31-B118-4696-A92E-5CD1EE67C063}.Debug|Any CPU.Build.0 = Debug|Any CPU
		{B6480A31-B118-4696-A92E-5CD1EE67C063}.Release|Any CPU.ActiveCfg = Release|Any CPU
		{B6480A31-B118-4696-A92E-5CD1EE67C063}.Release|Any CPU.Build.0 = Release|Any CPU
	EndGlobalSection
	GlobalSection(SolutionProperties) = preSolution
		HideSolutionNode = FALSE
	EndGlobalSection
	GlobalSection(ExtensibilityGlobals) = postSolution
		SolutionGuid = {9864F861-18E0-4544-989E-8092C1E8745E}
	EndGlobalSection
EndGlobal
