
Microsoft Visual Studio Solution File, Format Version 12.00
# Visual Studio Version 16
VisualStudioVersion = 16.0.30517.126
MinimumVisualStudioVersion = 10.0.40219.1
Project("{FAE04EC0-301F-11D3-BF4B-00C04F79EFBC}") = "Primeiro_Aplicativo", "Primeiro_Aplicativo\Primeiro_Aplicativo.csproj", "{15F1FB4A-5906-451F-B585-F754E40844A9}"
EndProject
Global
	GlobalSection(SolutionConfigurationPlatforms) = preSolution
		Debug|Any CPU = Debug|Any CPU
		Release|Any CPU = Release|Any CPU
	EndGlobalSection
	GlobalSection(ProjectConfigurationPlatforms) = postSolution
		{15F1FB4A-5906-451F-B585-F754E40844A9}.Debug|Any CPU.ActiveCfg = Debug|Any CPU
		{15F1FB4A-5906-451F-B585-F754E40844A9}.Debug|Any CPU.Build.0 = Debug|Any CPU
		{15F1FB4A-5906-451F-B585-F754E40844A9}.Release|Any CPU.ActiveCfg = Release|Any CPU
		{15F1FB4A-5906-451F-B585-F754E40844A9}.Release|Any CPU.Build.0 = Release|Any CPU
	EndGlobalSection
	GlobalSection(SolutionProperties) = preSolution
		HideSolutionNode = FALSE
	EndGlobalSection
	GlobalSection(ExtensibilityGlobals) = postSolution
		SolutionGuid = {2F595267-7B2D-4791-BB56-CE2F7CD4DFBC}
	EndGlobalSection
EndGlobal
