
Microsoft Visual Studio Solution File, Format Version 12.00
# Visual Studio Version 16
VisualStudioVersion = 16.0.30517.126
MinimumVisualStudioVersion = 10.0.40219.1
Project("{FAE04EC0-301F-11D3-BF4B-00C04F79EFBC}") = "While", "While\While.csproj", "{97DEE369-3AEC-41A7-A234-1B61BCC0B1F4}"
EndProject
Global
	GlobalSection(SolutionConfigurationPlatforms) = preSolution
		Debug|Any CPU = Debug|Any CPU
		Release|Any CPU = Release|Any CPU
	EndGlobalSection
	GlobalSection(ProjectConfigurationPlatforms) = postSolution
		{97DEE369-3AEC-41A7-A234-1B61BCC0B1F4}.Debug|Any CPU.ActiveCfg = Debug|Any CPU
		{97DEE369-3AEC-41A7-A234-1B61BCC0B1F4}.Debug|Any CPU.Build.0 = Debug|Any CPU
		{97DEE369-3AEC-41A7-A234-1B61BCC0B1F4}.Release|Any CPU.ActiveCfg = Release|Any CPU
		{97DEE369-3AEC-41A7-A234-1B61BCC0B1F4}.Release|Any CPU.Build.0 = Release|Any CPU
	EndGlobalSection
	GlobalSection(SolutionProperties) = preSolution
		HideSolutionNode = FALSE
	EndGlobalSection
	GlobalSection(ExtensibilityGlobals) = postSolution
		SolutionGuid = {4FF12CCF-EB34-4860-9E5A-7390ED6475E5}
	EndGlobalSection
EndGlobal
